
Microsoft Visual Studio Solution File, Format Version 12.00
# Visual Studio Version 16
VisualStudioVersion = 16.0.28803.202
MinimumVisualStudioVersion = 10.0.40219.1
Project("{8BC9CEB8-8B4A-11D0-8D11-00A0C91BC942}") = "SnakeAI", "SnakeAI\SnakeAI.vcxproj", "{2EAD217B-5C0A-4C13-865E-E772A35654DF}"
EndProject
Project("{888888A0-9F3D-457C-B088-3A5042F75D52}") = "PipeDNNs", "PipeDNNs\PipeDNNs.pyproj", "{F439EF6B-1F19-4085-B9E0-72CC971AFAD0}"
EndProject
Project("{888888A0-9F3D-457C-B088-3A5042F75D52}") = "PySnakeAI", "PySnakeAI\PySnakeAI.pyproj", "{0E56C454-1149-4BC6-8105-01450740DDAE}"
EndProject
Project("{888888A0-9F3D-457C-B088-3A5042F75D52}") = "CartPoleRL", "CartPoleRL\CartPoleRL.pyproj", "{0AEE369B-E119-4080-8B03-4DBA7907EFC0}"
EndProject
Project("{888888A0-9F3D-457C-B088-3A5042F75D52}") = "Tetris", "Tetris\Tetris.pyproj", "{FB4BD021-A509-4613-9BD5-32E27523D76E}"
EndProject
Global
	GlobalSection(SolutionConfigurationPlatforms) = preSolution
		Debug|Any CPU = Debug|Any CPU
		Debug|x64 = Debug|x64
		Debug|x86 = Debug|x86
		Release|Any CPU = Release|Any CPU
		Release|x64 = Release|x64
		Release|x86 = Release|x86
	EndGlobalSection
	GlobalSection(ProjectConfigurationPlatforms) = postSolution
		{2EAD217B-5C0A-4C13-865E-E772A35654DF}.Debug|Any CPU.ActiveCfg = Debug|Win32
		{2EAD217B-5C0A-4C13-865E-E772A35654DF}.Debug|x64.ActiveCfg = Debug|x64
		{2EAD217B-5C0A-4C13-865E-E772A35654DF}.Debug|x64.Build.0 = Debug|x64
		{2EAD217B-5C0A-4C13-865E-E772A35654DF}.Debug|x86.ActiveCfg = Debug|Win32
		{2EAD217B-5C0A-4C13-865E-E772A35654DF}.Debug|x86.Build.0 = Debug|Win32
		{2EAD217B-5C0A-4C13-865E-E772A35654DF}.Release|Any CPU.ActiveCfg = Release|Win32
		{2EAD217B-5C0A-4C13-865E-E772A35654DF}.Release|x64.ActiveCfg = Release|x64
		{2EAD217B-5C0A-4C13-865E-E772A35654DF}.Release|x64.Build.0 = Release|x64
		{2EAD217B-5C0A-4C13-865E-E772A35654DF}.Release|x86.ActiveCfg = Release|Win32
		{2EAD217B-5C0A-4C13-865E-E772A35654DF}.Release|x86.Build.0 = Release|Win32
		{F439EF6B-1F19-4085-B9E0-72CC971AFAD0}.Debug|Any CPU.ActiveCfg = Debug|Any CPU
		{F439EF6B-1F19-4085-B9E0-72CC971AFAD0}.Debug|x64.ActiveCfg = Debug|Any CPU
		{F439EF6B-1F19-4085-B9E0-72CC971AFAD0}.Debug|x86.ActiveCfg = Debug|Any CPU
		{F439EF6B-1F19-4085-B9E0-72CC971AFAD0}.Release|Any CPU.ActiveCfg = Release|Any CPU
		{F439EF6B-1F19-4085-B9E0-72CC971AFAD0}.Release|x64.ActiveCfg = Release|Any CPU
		{F439EF6B-1F19-4085-B9E0-72CC971AFAD0}.Release|x86.ActiveCfg = Release|Any CPU
		{0E56C454-1149-4BC6-8105-01450740DDAE}.Debug|Any CPU.ActiveCfg = Debug|Any CPU
		{0E56C454-1149-4BC6-8105-01450740DDAE}.Debug|x64.ActiveCfg = Debug|Any CPU
		{0E56C454-1149-4BC6-8105-01450740DDAE}.Debug|x86.ActiveCfg = Debug|Any CPU
		{0E56C454-1149-4BC6-8105-01450740DDAE}.Release|Any CPU.ActiveCfg = Release|Any CPU
		{0E56C454-1149-4BC6-8105-01450740DDAE}.Release|x64.ActiveCfg = Release|Any CPU
		{0E56C454-1149-4BC6-8105-01450740DDAE}.Release|x86.ActiveCfg = Release|Any CPU
		{0AEE369B-E119-4080-8B03-4DBA7907EFC0}.Debug|Any CPU.ActiveCfg = Debug|Any CPU
		{0AEE369B-E119-4080-8B03-4DBA7907EFC0}.Debug|x64.ActiveCfg = Debug|Any CPU
		{0AEE369B-E119-4080-8B03-4DBA7907EFC0}.Debug|x86.ActiveCfg = Debug|Any CPU
		{0AEE369B-E119-4080-8B03-4DBA7907EFC0}.Release|Any CPU.ActiveCfg = Release|Any CPU
		{0AEE369B-E119-4080-8B03-4DBA7907EFC0}.Release|x64.ActiveCfg = Release|Any CPU
		{0AEE369B-E119-4080-8B03-4DBA7907EFC0}.Release|x86.ActiveCfg = Release|Any CPU
		{FB4BD021-A509-4613-9BD5-32E27523D76E}.Debug|Any CPU.ActiveCfg = Debug|Any CPU
		{FB4BD021-A509-4613-9BD5-32E27523D76E}.Debug|x64.ActiveCfg = Debug|Any CPU
		{FB4BD021-A509-4613-9BD5-32E27523D76E}.Debug|x86.ActiveCfg = Debug|Any CPU
		{FB4BD021-A509-4613-9BD5-32E27523D76E}.Release|Any CPU.ActiveCfg = Release|Any CPU
		{FB4BD021-A509-4613-9BD5-32E27523D76E}.Release|x64.ActiveCfg = Release|Any CPU
		{FB4BD021-A509-4613-9BD5-32E27523D76E}.Release|x86.ActiveCfg = Release|Any CPU
	EndGlobalSection
	GlobalSection(SolutionProperties) = preSolution
		HideSolutionNode = FALSE
	EndGlobalSection
	GlobalSection(ExtensibilityGlobals) = postSolution
		SolutionGuid = {9243DE1A-A867-409B-86E2-3B580A0A6B1B}
	EndGlobalSection
EndGlobal
